
Microsoft Visual Studio Solution File, Format Version 12.00
# Visual Studio 15
VisualStudioVersion = 15.0.28010.2016
MinimumVisualStudioVersion = 10.0.40219.1
Project("{FAE04EC0-301F-11D3-BF4B-00C04F79EFBC}") = "DemoRedux.Android", "DemoRedux\DemoRedux.Android\DemoRedux.Android.csproj", "{62F75B24-64AD-4B3C-A2BF-C088A297D52B}"
EndProject
Project("{FAE04EC0-301F-11D3-BF4B-00C04F79EFBC}") = "DemoRedux.iOS", "DemoRedux\DemoRedux.iOS\DemoRedux.iOS.csproj", "{E8E9BD6A-F989-453D-BBEC-3433B83E811F}"
EndProject
Project("{9A19103F-16F7-4668-BE54-9A1E7A4F7556}") = "DemoRedux", "DemoRedux\DemoRedux\DemoRedux.csproj", "{40A07800-C291-4F8B-B1B5-5958BAAA3241}"
EndProject
Project("{9A19103F-16F7-4668-BE54-9A1E7A4F7556}") = "DemoRedux.Tests", "DemoRedux.Tests\DemoRedux.Tests.csproj", "{8884807D-ACB1-4DF9-954C-39A8ED948DE8}"
EndProject
Project("{FAE04EC0-301F-11D3-BF4B-00C04F79EFBC}") = "DemoRedux.UITests", "DemoRedux.UITests\DemoRedux.UITests.csproj", "{B19C892E-2628-4CA7-AD27-08D406A3B14B}"
EndProject
Global
	GlobalSection(SolutionConfigurationPlatforms) = preSolution
		Ad-Hoc|Any CPU = Ad-Hoc|Any CPU
		Ad-Hoc|iPhone = Ad-Hoc|iPhone
		Ad-Hoc|iPhoneSimulator = Ad-Hoc|iPhoneSimulator
		AppStore|Any CPU = AppStore|Any CPU
		AppStore|iPhone = AppStore|iPhone
		AppStore|iPhoneSimulator = AppStore|iPhoneSimulator
		Debug|Any CPU = Debug|Any CPU
		Debug|iPhone = Debug|iPhone
		Debug|iPhoneSimulator = Debug|iPhoneSimulator
		Release|Any CPU = Release|Any CPU
		Release|iPhone = Release|iPhone
		Release|iPhoneSimulator = Release|iPhoneSimulator
	EndGlobalSection
	GlobalSection(ProjectConfigurationPlatforms) = postSolution
		{62F75B24-64AD-4B3C-A2BF-C088A297D52B}.Ad-Hoc|Any CPU.ActiveCfg = Release|Any CPU
		{62F75B24-64AD-4B3C-A2BF-C088A297D52B}.Ad-Hoc|Any CPU.Build.0 = Release|Any CPU
		{62F75B24-64AD-4B3C-A2BF-C088A297D52B}.Ad-Hoc|Any CPU.Deploy.0 = Release|Any CPU
		{62F75B24-64AD-4B3C-A2BF-C088A297D52B}.Ad-Hoc|iPhone.ActiveCfg = Release|Any CPU
		{62F75B24-64AD-4B3C-A2BF-C088A297D52B}.Ad-Hoc|iPhone.Build.0 = Release|Any CPU
		{62F75B24-64AD-4B3C-A2BF-C088A297D52B}.Ad-Hoc|iPhone.Deploy.0 = Release|Any CPU
		{62F75B24-64AD-4B3C-A2BF-C088A297D52B}.Ad-Hoc|iPhoneSimulator.ActiveCfg = Release|Any CPU
		{62F75B24-64AD-4B3C-A2BF-C088A297D52B}.Ad-Hoc|iPhoneSimulator.Build.0 = Release|Any CPU
		{62F75B24-64AD-4B3C-A2BF-C088A297D52B}.Ad-Hoc|iPhoneSimulator.Deploy.0 = Release|Any CPU
		{62F75B24-64AD-4B3C-A2BF-C088A297D52B}.AppStore|Any CPU.ActiveCfg = Release|Any CPU
		{62F75B24-64AD-4B3C-A2BF-C088A297D52B}.AppStore|Any CPU.Build.0 = Release|Any CPU
		{62F75B24-64AD-4B3C-A2BF-C088A297D52B}.AppStore|Any CPU.Deploy.0 = Release|Any CPU
		{62F75B24-64AD-4B3C-A2BF-C088A297D52B}.AppStore|iPhone.ActiveCfg = Release|Any CPU
		{62F75B24-64AD-4B3C-A2BF-C088A297D52B}.AppStore|iPhone.Build.0 = Release|Any CPU
		{62F75B24-64AD-4B3C-A2BF-C088A297D52B}.AppStore|iPhone.Deploy.0 = Release|Any CPU
		{62F75B24-64AD-4B3C-A2BF-C088A297D52B}.AppStore|iPhoneSimulator.ActiveCfg = Release|Any CPU
		{62F75B24-64AD-4B3C-A2BF-C088A297D52B}.AppStore|iPhoneSimulator.Build.0 = Release|Any CPU
		{62F75B24-64AD-4B3C-A2BF-C088A297D52B}.AppStore|iPhoneSimulator.Deploy.0 = Release|Any CPU
		{62F75B24-64AD-4B3C-A2BF-C088A297D52B}.Debug|Any CPU.ActiveCfg = Debug|Any CPU
		{62F75B24-64AD-4B3C-A2BF-C088A297D52B}.Debug|Any CPU.Build.0 = Debug|Any CPU
		{62F75B24-64AD-4B3C-A2BF-C088A297D52B}.Debug|Any CPU.Deploy.0 = Debug|Any CPU
		{62F75B24-64AD-4B3C-A2BF-C088A297D52B}.Debug|iPhone.ActiveCfg = Debug|Any CPU
		{62F75B24-64AD-4B3C-A2BF-C088A297D52B}.Debug|iPhone.Build.0 = Debug|Any CPU
		{62F75B24-64AD-4B3C-A2BF-C088A297D52B}.Debug|iPhone.Deploy.0 = Debug|Any CPU
		{62F75B24-64AD-4B3C-A2BF-C088A297D52B}.Debug|iPhoneSimulator.ActiveCfg = Debug|Any CPU
		{62F75B24-64AD-4B3C-A2BF-C088A297D52B}.Debug|iPhoneSimulator.Build.0 = Debug|Any CPU
		{62F75B24-64AD-4B3C-A2BF-C088A297D52B}.Debug|iPhoneSimulator.Deploy.0 = Debug|Any CPU
		{62F75B24-64AD-4B3C-A2BF-C088A297D52B}.Release|Any CPU.ActiveCfg = Release|Any CPU
		{62F75B24-64AD-4B3C-A2BF-C088A297D52B}.Release|Any CPU.Build.0 = Release|Any CPU
		{62F75B24-64AD-4B3C-A2BF-C088A297D52B}.Release|Any CPU.Deploy.0 = Release|Any CPU
		{62F75B24-64AD-4B3C-A2BF-C088A297D52B}.Release|iPhone.ActiveCfg = Release|Any CPU
		{62F75B24-64AD-4B3C-A2BF-C088A297D52B}.Release|iPhone.Build.0 = Release|Any CPU
		{62F75B24-64AD-4B3C-A2BF-C088A297D52B}.Release|iPhone.Deploy.0 = Release|Any CPU
		{62F75B24-64AD-4B3C-A2BF-C088A297D52B}.Release|iPhoneSimulator.ActiveCfg = Release|Any CPU
		{62F75B24-64AD-4B3C-A2BF-C088A297D52B}.Release|iPhoneSimulator.Build.0 = Release|Any CPU
		{62F75B24-64AD-4B3C-A2BF-C088A297D52B}.Release|iPhoneSimulator.Deploy.0 = Release|Any CPU
		{E8E9BD6A-F989-453D-BBEC-3433B83E811F}.Ad-Hoc|Any CPU.ActiveCfg = Ad-Hoc|iPhone
		{E8E9BD6A-F989-453D-BBEC-3433B83E811F}.Ad-Hoc|Any CPU.Build.0 = Ad-Hoc|iPhone
		{E8E9BD6A-F989-453D-BBEC-3433B83E811F}.Ad-Hoc|Any CPU.Deploy.0 = Ad-Hoc|iPhone
		{E8E9BD6A-F989-453D-BBEC-3433B83E811F}.Ad-Hoc|iPhone.ActiveCfg = Ad-Hoc|iPhone
		{E8E9BD6A-F989-453D-BBEC-3433B83E811F}.Ad-Hoc|iPhone.Build.0 = Ad-Hoc|iPhone
		{E8E9BD6A-F989-453D-BBEC-3433B83E811F}.Ad-Hoc|iPhone.Deploy.0 = Ad-Hoc|iPhone
		{E8E9BD6A-F989-453D-BBEC-3433B83E811F}.Ad-Hoc|iPhoneSimulator.ActiveCfg = Ad-Hoc|iPhoneSimulator
		{E8E9BD6A-F989-453D-BBEC-3433B83E811F}.Ad-Hoc|iPhoneSimulator.Build.0 = Ad-Hoc|iPhoneSimulator
		{E8E9BD6A-F989-453D-BBEC-3433B83E811F}.Ad-Hoc|iPhoneSimulator.Deploy.0 = Ad-Hoc|iPhoneSimulator
		{E8E9BD6A-F989-453D-BBEC-3433B83E811F}.AppStore|Any CPU.ActiveCfg = AppStore|iPhone
		{E8E9BD6A-F989-453D-BBEC-3433B83E811F}.AppStore|Any CPU.Build.0 = AppStore|iPhone
		{E8E9BD6A-F989-453D-BBEC-3433B83E811F}.AppStore|Any CPU.Deploy.0 = AppStore|iPhone
		{E8E9BD6A-F989-453D-BBEC-3433B83E811F}.AppStore|iPhone.ActiveCfg = AppStore|iPhone
		{E8E9BD6A-F989-453D-BBEC-3433B83E811F}.AppStore|iPhone.Build.0 = AppStore|iPhone
		{E8E9BD6A-F989-453D-BBEC-3433B83E811F}.AppStore|iPhone.Deploy.0 = AppStore|iPhone
		{E8E9BD6A-F989-453D-BBEC-3433B83E811F}.AppStore|iPhoneSimulator.ActiveCfg = AppStore|iPhoneSimulator
		{E8E9BD6A-F989-453D-BBEC-3433B83E811F}.AppStore|iPhoneSimulator.Build.0 = AppStore|iPhoneSimulator
		{E8E9BD6A-F989-453D-BBEC-3433B83E811F}.AppStore|iPhoneSimulator.Deploy.0 = AppStore|iPhoneSimulator
		{E8E9BD6A-F989-453D-BBEC-3433B83E811F}.Debug|Any CPU.ActiveCfg = Debug|iPhoneSimulator
		{E8E9BD6A-F989-453D-BBEC-3433B83E811F}.Debug|Any CPU.Build.0 = Debug|iPhoneSimulator
		{E8E9BD6A-F989-453D-BBEC-3433B83E811F}.Debug|Any CPU.Deploy.0 = Debug|iPhoneSimulator
		{E8E9BD6A-F989-453D-BBEC-3433B83E811F}.Debug|iPhone.ActiveCfg = Debug|iPhone
		{E8E9BD6A-F989-453D-BBEC-3433B83E811F}.Debug|iPhone.Build.0 = Debug|iPhone
		{E8E9BD6A-F989-453D-BBEC-3433B83E811F}.Debug|iPhone.Deploy.0 = Debug|iPhone
		{E8E9BD6A-F989-453D-BBEC-3433B83E811F}.Debug|iPhoneSimulator.ActiveCfg = Debug|iPhoneSimulator
		{E8E9BD6A-F989-453D-BBEC-3433B83E811F}.Debug|iPhoneSimulator.Build.0 = Debug|iPhoneSimulator
		{E8E9BD6A-F989-453D-BBEC-3433B83E811F}.Debug|iPhoneSimulator.Deploy.0 = Debug|iPhoneSimulator
		{E8E9BD6A-F989-453D-BBEC-3433B83E811F}.Release|Any CPU.ActiveCfg = Release|iPhone
		{E8E9BD6A-F989-453D-BBEC-3433B83E811F}.Release|Any CPU.Build.0 = Release|iPhone
		{E8E9BD6A-F989-453D-BBEC-3433B83E811F}.Release|Any CPU.Deploy.0 = Release|iPhone
		{E8E9BD6A-F989-453D-BBEC-3433B83E811F}.Release|iPhone.ActiveCfg = Release|iPhone
		{E8E9BD6A-F989-453D-BBEC-3433B83E811F}.Release|iPhone.Build.0 = Release|iPhone
		{E8E9BD6A-F989-453D-BBEC-3433B83E811F}.Release|iPhone.Deploy.0 = Release|iPhone
		{E8E9BD6A-F989-453D-BBEC-3433B83E811F}.Release|iPhoneSimulator.ActiveCfg = Release|iPhoneSimulator
		{E8E9BD6A-F989-453D-BBEC-3433B83E811F}.Release|iPhoneSimulator.Build.0 = Release|iPhoneSimulator
		{E8E9BD6A-F989-453D-BBEC-3433B83E811F}.Release|iPhoneSimulator.Deploy.0 = Release|iPhoneSimulator
		{40A07800-C291-4F8B-B1B5-5958BAAA3241}.Ad-Hoc|Any CPU.ActiveCfg = Debug|Any CPU
		{40A07800-C291-4F8B-B1B5-5958BAAA3241}.Ad-Hoc|Any CPU.Build.0 = Debug|Any CPU
		{40A07800-C291-4F8B-B1B5-5958BAAA3241}.Ad-Hoc|Any CPU.Deploy.0 = Debug|Any CPU
		{40A07800-C291-4F8B-B1B5-5958BAAA3241}.Ad-Hoc|iPhone.ActiveCfg = Debug|Any CPU
		{40A07800-C291-4F8B-B1B5-5958BAAA3241}.Ad-Hoc|iPhone.Build.0 = Debug|Any CPU
		{40A07800-C291-4F8B-B1B5-5958BAAA3241}.Ad-Hoc|iPhone.Deploy.0 = Debug|Any CPU
		{40A07800-C291-4F8B-B1B5-5958BAAA3241}.Ad-Hoc|iPhoneSimulator.ActiveCfg = Debug|Any CPU
		{40A07800-C291-4F8B-B1B5-5958BAAA3241}.Ad-Hoc|iPhoneSimulator.Build.0 = Debug|Any CPU
		{40A07800-C291-4F8B-B1B5-5958BAAA3241}.Ad-Hoc|iPhoneSimulator.Deploy.0 = Debug|Any CPU
		{40A07800-C291-4F8B-B1B5-5958BAAA3241}.AppStore|Any CPU.ActiveCfg = Debug|Any CPU
		{40A07800-C291-4F8B-B1B5-5958BAAA3241}.AppStore|Any CPU.Build.0 = Debug|Any CPU
		{40A07800-C291-4F8B-B1B5-5958BAAA3241}.AppStore|Any CPU.Deploy.0 = Debug|Any CPU
		{40A07800-C291-4F8B-B1B5-5958BAAA3241}.AppStore|iPhone.ActiveCfg = Debug|Any CPU
		{40A07800-C291-4F8B-B1B5-5958BAAA3241}.AppStore|iPhone.Build.0 = Debug|Any CPU
		{40A07800-C291-4F8B-B1B5-5958BAAA3241}.AppStore|iPhone.Deploy.0 = Debug|Any CPU
		{40A07800-C291-4F8B-B1B5-5958BAAA3241}.AppStore|iPhoneSimulator.ActiveCfg = Debug|Any CPU
		{40A07800-C291-4F8B-B1B5-5958BAAA3241}.AppStore|iPhoneSimulator.Build.0 = Debug|Any CPU
		{40A07800-C291-4F8B-B1B5-5958BAAA3241}.AppStore|iPhoneSimulator.Deploy.0 = Debug|Any CPU
		{40A07800-C291-4F8B-B1B5-5958BAAA3241}.Debug|Any CPU.ActiveCfg = Debug|Any CPU
		{40A07800-C291-4F8B-B1B5-5958BAAA3241}.Debug|Any CPU.Build.0 = Debug|Any CPU
		{40A07800-C291-4F8B-B1B5-5958BAAA3241}.Debug|Any CPU.Deploy.0 = Debug|Any CPU
		{40A07800-C291-4F8B-B1B5-5958BAAA3241}.Debug|iPhone.ActiveCfg = Debug|Any CPU
		{40A07800-C291-4F8B-B1B5-5958BAAA3241}.Debug|iPhone.Build.0 = Debug|Any CPU
		{40A07800-C291-4F8B-B1B5-5958BAAA3241}.Debug|iPhone.Deploy.0 = Debug|Any CPU
		{40A07800-C291-4F8B-B1B5-5958BAAA3241}.Debug|iPhoneSimulator.ActiveCfg = Debug|Any CPU
		{40A07800-C291-4F8B-B1B5-5958BAAA3241}.Debug|iPhoneSimulator.Build.0 = Debug|Any CPU
		{40A07800-C291-4F8B-B1B5-5958BAAA3241}.Debug|iPhoneSimulator.Deploy.0 = Debug|Any CPU
		{40A07800-C291-4F8B-B1B5-5958BAAA3241}.Release|Any CPU.ActiveCfg = Release|Any CPU
		{40A07800-C291-4F8B-B1B5-5958BAAA3241}.Release|Any CPU.Build.0 = Release|Any CPU
		{40A07800-C291-4F8B-B1B5-5958BAAA3241}.Release|Any CPU.Deploy.0 = Release|Any CPU
		{40A07800-C291-4F8B-B1B5-5958BAAA3241}.Release|iPhone.ActiveCfg = Release|Any CPU
		{40A07800-C291-4F8B-B1B5-5958BAAA3241}.Release|iPhone.Build.0 = Release|Any CPU
		{40A07800-C291-4F8B-B1B5-5958BAAA3241}.Release|iPhone.Deploy.0 = Release|Any CPU
		{40A07800-C291-4F8B-B1B5-5958BAAA3241}.Release|iPhoneSimulator.ActiveCfg = Release|Any CPU
		{40A07800-C291-4F8B-B1B5-5958BAAA3241}.Release|iPhoneSimulator.Build.0 = Release|Any CPU
		{40A07800-C291-4F8B-B1B5-5958BAAA3241}.Release|iPhoneSimulator.Deploy.0 = Release|Any CPU
		{8884807D-ACB1-4DF9-954C-39A8ED948DE8}.Ad-Hoc|Any CPU.ActiveCfg = Debug|Any CPU
		{8884807D-ACB1-4DF9-954C-39A8ED948DE8}.Ad-Hoc|Any CPU.Build.0 = Debug|Any CPU
		{8884807D-ACB1-4DF9-954C-39A8ED948DE8}.Ad-Hoc|iPhone.ActiveCfg = Debug|Any CPU
		{8884807D-ACB1-4DF9-954C-39A8ED948DE8}.Ad-Hoc|iPhone.Build.0 = Debug|Any CPU
		{8884807D-ACB1-4DF9-954C-39A8ED948DE8}.Ad-Hoc|iPhoneSimulator.ActiveCfg = Debug|Any CPU
		{8884807D-ACB1-4DF9-954C-39A8ED948DE8}.Ad-Hoc|iPhoneSimulator.Build.0 = Debug|Any CPU
		{8884807D-ACB1-4DF9-954C-39A8ED948DE8}.AppStore|Any CPU.ActiveCfg = Debug|Any CPU
		{8884807D-ACB1-4DF9-954C-39A8ED948DE8}.AppStore|Any CPU.Build.0 = Debug|Any CPU
		{8884807D-ACB1-4DF9-954C-39A8ED948DE8}.AppStore|iPhone.ActiveCfg = Debug|Any CPU
		{8884807D-ACB1-4DF9-954C-39A8ED948DE8}.AppStore|iPhone.Build.0 = Debug|Any CPU
		{8884807D-ACB1-4DF9-954C-39A8ED948DE8}.AppStore|iPhoneSimulator.ActiveCfg = Debug|Any CPU
		{8884807D-ACB1-4DF9-954C-39A8ED948DE8}.AppStore|iPhoneSimulator.Build.0 = Debug|Any CPU
		{8884807D-ACB1-4DF9-954C-39A8ED948DE8}.Debug|Any CPU.ActiveCfg = Debug|Any CPU
		{8884807D-ACB1-4DF9-954C-39A8ED948DE8}.Debug|Any CPU.Build.0 = Debug|Any CPU
		{8884807D-ACB1-4DF9-954C-39A8ED948DE8}.Debug|iPhone.ActiveCfg = Debug|Any CPU
		{8884807D-ACB1-4DF9-954C-39A8ED948DE8}.Debug|iPhone.Build.0 = Debug|Any CPU
		{8884807D-ACB1-4DF9-954C-39A8ED948DE8}.Debug|iPhoneSimulator.ActiveCfg = Debug|Any CPU
		{8884807D-ACB1-4DF9-954C-39A8ED948DE8}.Debug|iPhoneSimulator.Build.0 = Debug|Any CPU
		{8884807D-ACB1-4DF9-954C-39A8ED948DE8}.Release|Any CPU.ActiveCfg = Release|Any CPU
		{8884807D-ACB1-4DF9-954C-39A8ED948DE8}.Release|Any CPU.Build.0 = Release|Any CPU
		{8884807D-ACB1-4DF9-954C-39A8ED948DE8}.Release|iPhone.ActiveCfg = Release|Any CPU
		{8884807D-ACB1-4DF9-954C-39A8ED948DE8}.Release|iPhone.Build.0 = Release|Any CPU
		{8884807D-ACB1-4DF9-954C-39A8ED948DE8}.Release|iPhoneSimulator.ActiveCfg = Release|Any CPU
		{8884807D-ACB1-4DF9-954C-39A8ED948DE8}.Release|iPhoneSimulator.Build.0 = Release|Any CPU
		{B19C892E-2628-4CA7-AD27-08D406A3B14B}.Ad-Hoc|Any CPU.ActiveCfg = Release|Any CPU
		{B19C892E-2628-4CA7-AD27-08D406A3B14B}.Ad-Hoc|Any CPU.Build.0 = Release|Any CPU
		{B19C892E-2628-4CA7-AD27-08D406A3B14B}.Ad-Hoc|iPhone.ActiveCfg = Release|Any CPU
		{B19C892E-2628-4CA7-AD27-08D406A3B14B}.Ad-Hoc|iPhone.Build.0 = Release|Any CPU
		{B19C892E-2628-4CA7-AD27-08D406A3B14B}.Ad-Hoc|iPhoneSimulator.ActiveCfg = Release|Any CPU
		{B19C892E-2628-4CA7-AD27-08D406A3B14B}.Ad-Hoc|iPhoneSimulator.Build.0 = Release|Any CPU
		{B19C892E-2628-4CA7-AD27-08D406A3B14B}.AppStore|Any CPU.ActiveCfg = Release|Any CPU
		{B19C892E-2628-4CA7-AD27-08D406A3B14B}.AppStore|Any CPU.Build.0 = Release|Any CPU
		{B19C892E-2628-4CA7-AD27-08D406A3B14B}.AppStore|iPhone.ActiveCfg = Release|Any CPU
		{B19C892E-2628-4CA7-AD27-08D406A3B14B}.AppStore|iPhone.Build.0 = Release|Any CPU
		{B19C892E-2628-4CA7-AD27-08D406A3B14B}.AppStore|iPhoneSimulator.ActiveCfg = Release|Any CPU
		{B19C892E-2628-4CA7-AD27-08D406A3B14B}.AppStore|iPhoneSimulator.Build.0 = Release|Any CPU
		{B19C892E-2628-4CA7-AD27-08D406A3B14B}.Debug|Any CPU.ActiveCfg = Debug|Any CPU
		{B19C892E-2628-4CA7-AD27-08D406A3B14B}.Debug|Any CPU.Build.0 = Debug|Any CPU
		{B19C892E-2628-4CA7-AD27-08D406A3B14B}.Debug|iPhone.ActiveCfg = Debug|Any CPU
		{B19C892E-2628-4CA7-AD27-08D406A3B14B}.Debug|iPhone.Build.0 = Debug|Any CPU
		{B19C892E-2628-4CA7-AD27-08D406A3B14B}.Debug|iPhoneSimulator.ActiveCfg = Debug|Any CPU
		{B19C892E-2628-4CA7-AD27-08D406A3B14B}.Debug|iPhoneSimulator.Build.0 = Debug|Any CPU
		{B19C892E-2628-4CA7-AD27-08D406A3B14B}.Release|Any CPU.ActiveCfg = Release|Any CPU
		{B19C892E-2628-4CA7-AD27-08D406A3B14B}.Release|Any CPU.Build.0 = Release|Any CPU
		{B19C892E-2628-4CA7-AD27-08D406A3B14B}.Release|iPhone.ActiveCfg = Release|Any CPU
		{B19C892E-2628-4CA7-AD27-08D406A3B14B}.Release|iPhone.Build.0 = Release|Any CPU
		{B19C892E-2628-4CA7-AD27-08D406A3B14B}.Release|iPhoneSimulator.ActiveCfg = Release|Any CPU
		{B19C892E-2628-4CA7-AD27-08D406A3B14B}.Release|iPhoneSimulator.Build.0 = Release|Any CPU
	EndGlobalSection
	GlobalSection(SolutionProperties) = preSolution
		HideSolutionNode = FALSE
	EndGlobalSection
	GlobalSection(ExtensibilityGlobals) = postSolution
		SolutionGuid = {4C9CA831-AE1C-4514-AEE0-30265817DC70}
	EndGlobalSection
EndGlobal
